# THIS IS AN AUTOGENERATED FILE. DO NOT EDIT THIS FILE DIRECTLY.
# yarn lockfile v1


"@babel/runtime@^7.6.2":
  version "7.23.1"
  resolved "https://registry.yarnpkg.com/@babel/runtime/-/runtime-7.23.1.tgz#72741dc4d413338a91dcb044a86f3c0bc402646d"
  integrity sha512-hC2v6p8ZSI/W0HUzh3V8C5g+NwSKzKPtJwSpTjwl0o297GP9+ZLQSkdvHz46CM3LqyoXxq+5G9komY+eSqSO0g==
  dependencies:
    regenerator-runtime "^0.14.0"

"@formatjs/ecma402-abstract@1.17.2":
  version "1.17.2"
  resolved "https://registry.yarnpkg.com/@formatjs/ecma402-abstract/-/ecma402-abstract-1.17.2.tgz#d197c6e26b9fd96ff7ba3b3a0cc2f25f1f2dcac3"
  integrity sha512-k2mTh0m+IV1HRdU0xXM617tSQTi53tVR2muvYOsBeYcUgEAyxV1FOC7Qj279th3fBVQ+Dj6muvNJZcHSPNdbKg==
  dependencies:
    "@formatjs/intl-localematcher" "0.4.2"
    tslib "^2.4.0"

"@formatjs/fast-memoize@2.2.0":
  version "2.2.0"
  resolved "https://registry.yarnpkg.com/@formatjs/fast-memoize/-/fast-memoize-2.2.0.tgz#33bd616d2e486c3e8ef4e68c99648c196887802b"
  integrity sha512-hnk/nY8FyrL5YxwP9e4r9dqeM6cAbo8PeU9UjyXojZMNvVad2Z06FAVHyR3Ecw6fza+0GH7vdJgiKIVXTMbSBA==
  dependencies:
    tslib "^2.4.0"

"@formatjs/icu-messageformat-parser@2.6.2":
  version "2.6.2"
  resolved "https://registry.yarnpkg.com/@formatjs/icu-messageformat-parser/-/icu-messageformat-parser-2.6.2.tgz#9bbb29099416e4ce2c7df50029c48985d4f901b3"
  integrity sha512-nF/Iww7sc5h+1MBCDRm68qpHTCG4xvGzYs/x9HFcDETSGScaJ1Fcadk5U/NXjXeCtzD+DhN4BAwKFVclHfKMdA==
  dependencies:
    "@formatjs/ecma402-abstract" "1.17.2"
    "@formatjs/icu-skeleton-parser" "1.6.2"
    tslib "^2.4.0"

"@formatjs/icu-skeleton-parser@1.6.2":
  version "1.6.2"
  resolved "https://registry.yarnpkg.com/@formatjs/icu-skeleton-parser/-/icu-skeleton-parser-1.6.2.tgz#00303034dc08583973c8aa67b96534c49c0bad8d"
  integrity sha512-VtB9Slo4ZL6QgtDFJ8Injvscf0xiDd4bIV93SOJTBjUF4xe2nAWOoSjLEtqIG+hlIs1sNrVKAaFo3nuTI4r5ZA==
  dependencies:
    "@formatjs/ecma402-abstract" "1.17.2"
    tslib "^2.4.0"

"@formatjs/intl-localematcher@0.4.2":
  version "0.4.2"
  resolved "https://registry.yarnpkg.com/@formatjs/intl-localematcher/-/intl-localematcher-0.4.2.tgz#7e6e596dbaf2f0c5a7c22da5a01d5c55f4c37e9a"
  integrity sha512-BGdtJFmaNJy5An/Zan4OId/yR9Ih1OojFjcduX/xOvq798OgWSyDtd6Qd5jqJXwJs1ipe4Fxu9+cshic5Ox2tA==
  dependencies:
    tslib "^2.4.0"

"@internationalized/date@^3.0.1", "@internationalized/date@^3.5.0":
  version "3.5.0"
  resolved "https://registry.yarnpkg.com/@internationalized/date/-/date-3.5.0.tgz#67f1dd62355f05140cc80e324842e9bfb4553abe"
  integrity sha512-nw0Q+oRkizBWMioseI8+2TeUPEyopJVz5YxoYVzR0W1v+2YytiYah7s/ot35F149q/xAg4F1gT/6eTd+tsUpFQ==
  dependencies:
    "@swc/helpers" "^0.5.0"

"@internationalized/message@^3.0.9", "@internationalized/message@^3.1.1":
  version "3.1.1"
  resolved "https://registry.yarnpkg.com/@internationalized/message/-/message-3.1.1.tgz#0f29c5a239b5dcd457b55f21dcd38d1a44a1236a"
  integrity sha512-ZgHxf5HAPIaR0th+w0RUD62yF6vxitjlprSxmLJ1tam7FOekqRSDELMg4Cr/DdszG5YLsp5BG3FgHgqquQZbqw==
  dependencies:
    "@swc/helpers" "^0.5.0"
    intl-messageformat "^10.1.0"

"@internationalized/number@^3.1.1", "@internationalized/number@^3.3.0":
  version "3.3.0"
  resolved "https://registry.yarnpkg.com/@internationalized/number/-/number-3.3.0.tgz#92233d130a0591085f93be86a9e6356cfa0e2de2"
  integrity sha512-PuxgnKE5NJMOGKUcX1QROo8jq7sW7UWLrL5B6Rfe8BdWgU/be04cVvLyCeALD46vvbAv3d1mUvyHav/Q9a237g==
  dependencies:
    "@swc/helpers" "^0.5.0"

"@internationalized/string@^3.0.0", "@internationalized/string@^3.1.1":
  version "3.1.1"
  resolved "https://registry.yarnpkg.com/@internationalized/string/-/string-3.1.1.tgz#2ab7372d58bbb7ffd3de62fc2a311e4690186981"
  integrity sha512-fvSr6YRoVPgONiVIUhgCmIAlifMVCeej/snPZVzbzRPxGpHl3o1GRe+d/qh92D8KhgOciruDUH8I5mjdfdjzfA==
  dependencies:
    "@swc/helpers" "^0.5.0"

"@next/env@13.4.7":
  version "13.4.7"
  resolved "https://registry.yarnpkg.com/@next/env/-/env-13.4.7.tgz#ca12d341edb128ca70384635bd2794125ffb1c01"
  integrity sha512-ZlbiFulnwiFsW9UV1ku1OvX/oyIPLtMk9p/nnvDSwI0s7vSoZdRtxXNsaO+ZXrLv/pMbXVGq4lL8TbY9iuGmVw==

"@next/swc-darwin-arm64@13.4.7":
  version "13.4.7"
  resolved "https://registry.yarnpkg.com/@next/swc-darwin-arm64/-/swc-darwin-arm64-13.4.7.tgz#5e36c26dda5b0bc0ea15d8555d0abd71a1ef4b5d"
  integrity sha512-VZTxPv1b59KGiv/pZHTO5Gbsdeoxcj2rU2cqJu03btMhHpn3vwzEK0gUSVC/XW96aeGO67X+cMahhwHzef24/w==

"@next/swc-darwin-x64@13.4.7":
  version "13.4.7"
  resolved "https://registry.yarnpkg.com/@next/swc-darwin-x64/-/swc-darwin-x64-13.4.7.tgz#4c14ec14b200373cd602589086cb1253a28cd803"
  integrity sha512-gO2bw+2Ymmga+QYujjvDz9955xvYGrWofmxTq7m70b9pDPvl7aDFABJOZ2a8SRCuSNB5mXU8eTOmVVwyp/nAew==

"@next/swc-linux-arm64-gnu@13.4.7":
  version "13.4.7"
  resolved "https://registry.yarnpkg.com/@next/swc-linux-arm64-gnu/-/swc-linux-arm64-gnu-13.4.7.tgz#e7819167ec876ddac5a959e4c7bce4d001f0e924"
  integrity sha512-6cqp3vf1eHxjIDhEOc7Mh/s8z1cwc/l5B6ZNkOofmZVyu1zsbEM5Hmx64s12Rd9AYgGoiCz4OJ4M/oRnkE16/Q==

"@next/swc-linux-arm64-musl@13.4.7":
  version "13.4.7"
  resolved "https://registry.yarnpkg.com/@next/swc-linux-arm64-musl/-/swc-linux-arm64-musl-13.4.7.tgz#0cac0f01d4e308b439e6c33182bed77835fe383b"
  integrity sha512-T1kD2FWOEy5WPidOn1si0rYmWORNch4a/NR52Ghyp4q7KyxOCuiOfZzyhVC5tsLIBDH3+cNdB5DkD9afpNDaOw==

"@next/swc-linux-x64-gnu@13.4.7":
  version "13.4.7"
  resolved "https://registry.yarnpkg.com/@next/swc-linux-x64-gnu/-/swc-linux-x64-gnu-13.4.7.tgz#feb61e16a68c67f3ef230f30d9562a3783c7bd59"
  integrity sha512-zaEC+iEiAHNdhl6fuwl0H0shnTzQoAoJiDYBUze8QTntE/GNPfTYpYboxF5LRYIjBwETUatvE0T64W6SKDipvg==

"@next/swc-linux-x64-musl@13.4.7":
  version "13.4.7"
  resolved "https://registry.yarnpkg.com/@next/swc-linux-x64-musl/-/swc-linux-x64-musl-13.4.7.tgz#02179ecfa6d24a2956c2b54f7d27a050568bbf24"
  integrity sha512-X6r12F8d8SKAtYJqLZBBMIwEqcTRvUdVm+xIq+l6pJqlgT2tNsLLf2i5Cl88xSsIytBICGsCNNHd+siD2fbWBA==

"@next/swc-win32-arm64-msvc@13.4.7":
  version "13.4.7"
  resolved "https://registry.yarnpkg.com/@next/swc-win32-arm64-msvc/-/swc-win32-arm64-msvc-13.4.7.tgz#274b7f00a2ec5934af73db15da8459e8647bfaed"
  integrity sha512-NPnmnV+vEIxnu6SUvjnuaWRglZzw4ox5n/MQTxeUhb5iwVWFedolPFebMNwgrWu4AELwvTdGtWjqof53AiWHcw==

"@next/swc-win32-ia32-msvc@13.4.7":
  version "13.4.7"
  resolved "https://registry.yarnpkg.com/@next/swc-win32-ia32-msvc/-/swc-win32-ia32-msvc-13.4.7.tgz#4a95c106a6db2eee3a4c1352b77995e298d7446a"
  integrity sha512-6Hxijm6/a8XqLQpOOf/XuwWRhcuc/g4rBB2oxjgCMuV9Xlr2bLs5+lXyh8w9YbAUMYR3iC9mgOlXbHa79elmXw==

"@next/swc-win32-x64-msvc@13.4.7":
  version "13.4.7"
  resolved "https://registry.yarnpkg.com/@next/swc-win32-x64-msvc/-/swc-win32-x64-msvc-13.4.7.tgz#5137780f58d7f0230adc293a0429821bfa7d8c21"
  integrity sha512-sW9Yt36Db1nXJL+mTr2Wo0y+VkPWeYhygvcHj1FF0srVtV+VoDjxleKtny21QHaG05zdeZnw2fCtf2+dEqgwqA==

"@nextui-org/react@1.0.0-beta.10":
  version "1.0.0-beta.10"
  resolved "https://registry.yarnpkg.com/@nextui-org/react/-/react-1.0.0-beta.10.tgz#c7e4cdb00d1aedb14ab33faaa025e1842a3f0214"
  integrity sha512-cxqsp4QXmKJoiDeoeEmayn3LUgRrHvOhmvfv8fm65CdWZI5Ro18DwBQrD+mdttlZ/OEaiYQXDPSP36p2DALdag==
  dependencies:
    "@babel/runtime" "^7.6.2"
    "@react-aria/button" "3.6.0"
    "@react-aria/checkbox" "3.5.0"
    "@react-aria/dialog" "3.3.0"
    "@react-aria/focus" "3.7.0"
    "@react-aria/i18n" "3.5.1"
    "@react-aria/interactions" "3.10.0"
    "@react-aria/label" "3.4.0"
    "@react-aria/link" "3.3.1"
    "@react-aria/menu" "3.6.0"
    "@react-aria/overlays" "3.10.0"
    "@react-aria/radio" "3.3.0"
    "@react-aria/ssr" "3.3.0"
    "@react-aria/table" "3.4.0"
    "@react-aria/utils" "3.13.2"
    "@react-aria/visually-hidden" "3.4.0"
    "@react-stately/checkbox" "3.2.0"
    "@react-stately/data" "3.6.0"
    "@react-stately/overlays" "3.4.0"
    "@react-stately/radio" "3.5.0"
    "@react-stately/table" "3.3.0"
    "@react-stately/toggle" "3.4.0"
    "@react-stately/tree" "3.3.2"
    "@react-types/button" "^3.6.0"
    "@react-types/checkbox" "3.3.2"
    "@react-types/grid" "3.1.2"
    "@react-types/menu" "3.7.0"
    "@react-types/overlays" "3.6.2"
    "@react-types/shared" "3.14.0"
    "@stitches/react" "1.2.8"

"@react-aria/button@3.6.0":
  version "3.6.0"
  resolved "https://registry.yarnpkg.com/@react-aria/button/-/button-3.6.0.tgz#ecd97d27929cdda272e2e6feddafab161a568c84"
  integrity sha512-+I+raFN5Kw85WzgmiIEQG0JhJ+WSCWJRSCgA0Nc4Wvjkm7gQSRvhSzSZiI7HQxz43h0MgFbuX/ruRn1WKPLsLg==
  dependencies:
    "@babel/runtime" "^7.6.2"
    "@react-aria/focus" "^3.7.0"
    "@react-aria/interactions" "^3.10.0"
    "@react-aria/utils" "^3.13.2"
    "@react-stately/toggle" "^3.4.0"
    "@react-types/button" "^3.6.0"
    "@react-types/shared" "^3.14.0"

"@react-aria/checkbox@3.5.0":
  version "3.5.0"
  resolved "https://registry.yarnpkg.com/@react-aria/checkbox/-/checkbox-3.5.0.tgz#2d99957cdaf95b13b958159134a4894c0c6e7f47"
  integrity sha512-U3SXfiVus/aF3S3v9aTPILRZBnUzHs5JJhile9CXIe1YoPam8u12s4G+aS55rrwoa3XLcnvZbPbwlShcc8bjaA==
  dependencies:
    "@babel/runtime" "^7.6.2"
    "@react-aria/label" "^3.4.0"
    "@react-aria/toggle" "^3.3.2"
    "@react-aria/utils" "^3.13.2"
    "@react-stately/checkbox" "^3.2.0"
    "@react-stately/toggle" "^3.4.0"
    "@react-types/checkbox" "^3.3.2"
    "@react-types/shared" "^3.14.0"

"@react-aria/dialog@3.3.0":
  version "3.3.0"
  resolved "https://registry.yarnpkg.com/@react-aria/dialog/-/dialog-3.3.0.tgz#7e355f99343c061d4b4d85c4bba1408bc8b675e0"
  integrity sha512-kzJLjIYIRpK+ASOpOSY56sE6l+rpmk4QvIqTjrqlynXdneGVgNVu3OxX37U73Zn53is7ivbT+TugCzHTgle0qg==
  dependencies:
    "@babel/runtime" "^7.6.2"
    "@react-aria/focus" "^3.7.0"
    "@react-aria/utils" "^3.13.2"
    "@react-stately/overlays" "^3.4.0"
    "@react-types/dialog" "^3.4.2"
    "@react-types/shared" "^3.14.0"

"@react-aria/focus@3.7.0":
  version "3.7.0"
  resolved "https://registry.yarnpkg.com/@react-aria/focus/-/focus-3.7.0.tgz#6a90dc99da64bd145e3eeacf3097a29a0342f709"
  integrity sha512-LydZSLBLEUklakM0Ogdk17F3f/Uwaj5Nl1mfcK8HhrroGT8A8XH0KjA9D6gM6JGHgxZemx0ufOgxhQZeBGQMQw==
  dependencies:
    "@babel/runtime" "^7.6.2"
    "@react-aria/interactions" "^3.10.0"
    "@react-aria/utils" "^3.13.2"
    "@react-types/shared" "^3.14.0"
    clsx "^1.1.1"

"@react-aria/focus@^3.14.2", "@react-aria/focus@^3.6.1", "@react-aria/focus@^3.7.0":
  version "3.14.2"
  resolved "https://registry.yarnpkg.com/@react-aria/focus/-/focus-3.14.2.tgz#aba74e40a985ba03c44a04aee0dc48e2a563b830"
  integrity sha512-ozP3g+C/fp3BAgI7dhFgBSzJCOwlW+pKaUlv7ay+btzXX0nc3jgt26uPSDr+Yv2tQcHcQnxfP0kHlXLS7to+lA==
  dependencies:
    "@react-aria/interactions" "^3.19.0"
    "@react-aria/utils" "^3.21.0"
    "@react-types/shared" "^3.21.0"
    "@swc/helpers" "^0.5.0"
    clsx "^1.1.1"

"@react-aria/grid@^3.4.0":
  version "3.8.3"
  resolved "https://registry.yarnpkg.com/@react-aria/grid/-/grid-3.8.3.tgz#adcafd51d9388e7a2ecb16bfd85a863739a61264"
  integrity sha512-Q1n6LP5JHxKW1rScDILrgDhGlRn/JJSD1mCutdZA3smi1dIlHm6smS4Cpy6Zl7RRppzeIC5fcy+QotpgF26oZg==
  dependencies:
    "@react-aria/focus" "^3.14.2"
    "@react-aria/i18n" "^3.8.3"
    "@react-aria/interactions" "^3.19.0"
    "@react-aria/live-announcer" "^3.3.1"
    "@react-aria/selection" "^3.17.0"
    "@react-aria/utils" "^3.21.0"
    "@react-stately/collections" "^3.10.2"
    "@react-stately/grid" "^3.8.2"
    "@react-stately/selection" "^3.14.0"
    "@react-stately/virtualizer" "^3.6.3"
    "@react-types/checkbox" "^3.5.2"
    "@react-types/grid" "^3.2.2"
    "@react-types/shared" "^3.21.0"
    "@swc/helpers" "^0.5.0"

"@react-aria/i18n@3.5.1":
  version "3.5.1"
  resolved "https://registry.yarnpkg.com/@react-aria/i18n/-/i18n-3.5.1.tgz#aba5e50266a3f15c195b8dc85682251af5c52211"
  integrity sha512-PtlQ/W1PXVKzCGK86MuGuCzYBwENDBjrQ2a4ux+BBQ2Dk8ZXEARSp9JaMFuOdiloXc/p4FoxCVoB+lhu4RCScg==
  dependencies:
    "@babel/runtime" "^7.6.2"
    "@internationalized/date" "^3.0.1"
    "@internationalized/message" "^3.0.9"
    "@internationalized/number" "^3.1.1"
    "@internationalized/string" "^3.0.0"
    "@react-aria/ssr" "^3.3.0"
    "@react-aria/utils" "^3.13.2"
    "@react-types/shared" "^3.14.0"

"@react-aria/i18n@^3.5.0", "@react-aria/i18n@^3.8.3":
  version "3.8.3"
  resolved "https://registry.yarnpkg.com/@react-aria/i18n/-/i18n-3.8.3.tgz#dd61061d5306edcb8761b9cebfc40fd1bb396e09"
  integrity sha512-Q3jF+cwXfFIJFeCMX5M+JX8qcNm3TEoWFrcFGfYoKnq740zaWosuuAaGh2iSfUUooDtwGG6X6uUJbZfBIK4j4w==
  dependencies:
    "@internationalized/date" "^3.5.0"
    "@internationalized/message" "^3.1.1"
    "@internationalized/number" "^3.3.0"
    "@internationalized/string" "^3.1.1"
    "@react-aria/ssr" "^3.8.0"
    "@react-aria/utils" "^3.21.0"
    "@react-types/shared" "^3.21.0"
    "@swc/helpers" "^0.5.0"

"@react-aria/interactions@3.10.0":
  version "3.10.0"
  resolved "https://registry.yarnpkg.com/@react-aria/interactions/-/interactions-3.10.0.tgz#d60cc42c3904c1578f9c356fba4bab7003102dee"
  integrity sha512-Lp74VfF+EskT3IqK2MBMdJpJU48p60+YkMbgtoDF6LudNO8jw0nxcsvnimPriTSkZWINRpajG/9sIa0EIDcQKw==
  dependencies:
    "@babel/runtime" "^7.6.2"
    "@react-aria/utils" "^3.13.2"
    "@react-types/shared" "^3.14.0"

"@react-aria/interactions@^3.10.0", "@react-aria/interactions@^3.19.0", "@react-aria/interactions@^3.9.1":
  version "3.19.0"
  resolved "https://registry.yarnpkg.com/@react-aria/interactions/-/interactions-3.19.0.tgz#37c14668e43f5c1fc737ddfa3cdf77311ce9c858"
  integrity sha512-nJ8VTmEOYJAAvV7wzeQVnamxWd3j16hGAzG++onjhluSWWKO1jMRN6WG9LDwvT5mBI0VYwf7JdVB3QBaCa9fsQ==
  dependencies:
    "@react-aria/ssr" "^3.8.0"
    "@react-aria/utils" "^3.21.0"
    "@react-types/shared" "^3.21.0"
    "@swc/helpers" "^0.5.0"

"@react-aria/label@3.4.0":
  version "3.4.0"
  resolved "https://registry.yarnpkg.com/@react-aria/label/-/label-3.4.0.tgz#81bf096bd28990d54e6db1ca9294391b7ed0d064"
  integrity sha512-QqyZMuSdnH+7mkAbZbGtLU3NhSz2luNCeM+ZJPQ3ANegrdXsKwERSwD2/ERHAC5FGLqwlzXnPhRcYdvjafg/Ug==
  dependencies:
    "@babel/runtime" "^7.6.2"
    "@react-aria/utils" "^3.13.2"
    "@react-types/label" "^3.6.2"
    "@react-types/shared" "^3.14.0"

"@react-aria/label@^3.4.0":
  version "3.7.1"
  resolved "https://registry.yarnpkg.com/@react-aria/label/-/label-3.7.1.tgz#87fe414506481dadbec684a8252b42ca7d090855"
  integrity sha512-/MMHGXVlz6HvZyPDX9mu4an8rM8v5t68jGnyBoaAL8oultWHI1bVRJ/Ro8rT0zY/68m5EWtwNYNyvcZ2X3JZ/w==
  dependencies:
    "@react-aria/utils" "^3.21.0"
    "@react-types/label" "^3.8.1"
    "@react-types/shared" "^3.21.0"
    "@swc/helpers" "^0.5.0"

"@react-aria/link@3.3.1":
  version "3.3.1"
  resolved "https://registry.yarnpkg.com/@react-aria/link/-/link-3.3.1.tgz#92ba89f1f30b06b4aa84db05f2058bcddd862b47"
  integrity sha512-so77s4IjZo8VGi85v6oDUzsQRoAwQH4LUUUpDLbKxEb5YaiN4/3yCVibeZrWzIzOTCOyLMXPbGwxHOUsl8EhVg==
  dependencies:
    "@babel/runtime" "^7.6.2"
    "@react-aria/focus" "^3.6.1"
    "@react-aria/interactions" "^3.9.1"
    "@react-aria/utils" "^3.13.1"
    "@react-types/link" "^3.3.1"
    "@react-types/shared" "^3.13.1"

"@react-aria/live-announcer@^3.1.1", "@react-aria/live-announcer@^3.3.1":
  version "3.3.1"
  resolved "https://registry.yarnpkg.com/@react-aria/live-announcer/-/live-announcer-3.3.1.tgz#bf864b8820fb02daaeefc1c972782a0174fd60b9"
  integrity sha512-hsc77U7S16trM86d+peqJCOCQ7/smO1cybgdpOuzXyiwcHQw8RQ4GrXrS37P4Ux/44E9nMZkOwATQRT2aK8+Ew==
  dependencies:
    "@swc/helpers" "^0.5.0"

"@react-aria/menu@3.6.0":
  version "3.6.0"
  resolved "https://registry.yarnpkg.com/@react-aria/menu/-/menu-3.6.0.tgz#2276247eea3588bbafbe7965b3b600067f7522bc"
  integrity sha512-s083I10XG/K06V7wOF+VYGgUwg6ZwlmsmLlrXyFRzCVK6LXimNNC/mOeSZet6m4R4H1svtH+US/v+/eD6pkdUQ==
  dependencies:
    "@babel/runtime" "^7.6.2"
    "@react-aria/i18n" "^3.5.0"
    "@react-aria/interactions" "^3.10.0"
    "@react-aria/overlays" "^3.10.0"
    "@react-aria/selection" "^3.10.0"
    "@react-aria/utils" "^3.13.2"
    "@react-stately/collections" "^3.4.2"
    "@react-stately/menu" "^3.4.0"
    "@react-stately/tree" "^3.3.2"
    "@react-types/button" "^3.6.0"
    "@react-types/menu" "^3.7.0"
    "@react-types/shared" "^3.14.0"

"@react-aria/overlays@3.10.0":
  version "3.10.0"
  resolved "https://registry.yarnpkg.com/@react-aria/overlays/-/overlays-3.10.0.tgz#e702961d178992b9c25db808edd1646efa1d00ec"
  integrity sha512-A7aI59/o4tUAISjyyRfJz3833SLe4ZKPNoxOVUzgjfkfnCKq7YDSSEC5poxDqYD9bq/NBXK6stdgaGLXQSirNw==
  dependencies:
    "@babel/runtime" "^7.6.2"
    "@react-aria/i18n" "^3.5.0"
    "@react-aria/interactions" "^3.10.0"
    "@react-aria/ssr" "^3.3.0"
    "@react-aria/utils" "^3.13.2"
    "@react-aria/visually-hidden" "^3.4.0"
    "@react-stately/overlays" "^3.4.0"
    "@react-types/button" "^3.6.0"
    "@react-types/overlays" "^3.6.2"
    "@react-types/shared" "^3.14.0"

"@react-aria/overlays@^3.10.0":
  version "3.18.0"
  resolved "https://registry.yarnpkg.com/@react-aria/overlays/-/overlays-3.18.0.tgz#cba26f3cee1301999949d248979162c2456122c8"
  integrity sha512-2y1QlDgR3CNN0koFFreSFlWgMuzhdZQ9CAVw6vUJaL5qZcIcS8H/1AzjNj81/sGrY2+iSauPpLNOh37lqDkKqQ==
  dependencies:
    "@react-aria/focus" "^3.14.2"
    "@react-aria/i18n" "^3.8.3"
    "@react-aria/interactions" "^3.19.0"
    "@react-aria/ssr" "^3.8.0"
    "@react-aria/utils" "^3.21.0"
    "@react-aria/visually-hidden" "^3.8.5"
    "@react-stately/overlays" "^3.6.3"
    "@react-types/button" "^3.9.0"
    "@react-types/overlays" "^3.8.3"
    "@react-types/shared" "^3.21.0"
    "@swc/helpers" "^0.5.0"

"@react-aria/radio@3.3.0":
  version "3.3.0"
  resolved "https://registry.yarnpkg.com/@react-aria/radio/-/radio-3.3.0.tgz#0528c2dc2b658def336ad1f74fa643b9c482b806"
  integrity sha512-UhPxFVYKaPI8a9bF6XOl5Q7lbgW7YlrLTHnjOhxiUWvyyOsOnseiSgF9TqSfhhsF7HNYdOt1u3Xwx3vrHniCBg==
  dependencies:
    "@babel/runtime" "^7.6.2"
    "@react-aria/focus" "^3.7.0"
    "@react-aria/i18n" "^3.5.0"
    "@react-aria/interactions" "^3.10.0"
    "@react-aria/label" "^3.4.0"
    "@react-aria/utils" "^3.13.2"
    "@react-stately/radio" "^3.5.0"
    "@react-types/radio" "^3.2.2"
    "@react-types/shared" "^3.14.0"

"@react-aria/selection@^3.10.0", "@react-aria/selection@^3.17.0":
  version "3.17.0"
  resolved "https://registry.yarnpkg.com/@react-aria/selection/-/selection-3.17.0.tgz#29437753f4b276c96a8821e7476e5edcc2403667"
  integrity sha512-Dmf2ri+czVDVIBdEq9KTbIqbohDaENnCUDCPqHmh87oJhrIZhgy29zsZIR5/j+zJzD59Ogy63weZ4yFnMzFtEw==
  dependencies:
    "@react-aria/focus" "^3.14.2"
    "@react-aria/i18n" "^3.8.3"
    "@react-aria/interactions" "^3.19.0"
    "@react-aria/utils" "^3.21.0"
    "@react-stately/collections" "^3.10.2"
    "@react-stately/selection" "^3.14.0"
    "@react-types/shared" "^3.21.0"
    "@swc/helpers" "^0.5.0"

"@react-aria/ssr@3.3.0":
  version "3.3.0"
  resolved "https://registry.yarnpkg.com/@react-aria/ssr/-/ssr-3.3.0.tgz#25e81daf0c7a270a4a891159d8d984578e4512d8"
  integrity sha512-yNqUDuOVZIUGP81R87BJVi/ZUZp/nYOBXbPsRe7oltJOfErQZD+UezMpw4vM2KRz18cURffvmC8tJ6JTeyDtaQ==
  dependencies:
    "@babel/runtime" "^7.6.2"

"@react-aria/ssr@^3.3.0", "@react-aria/ssr@^3.8.0":
  version "3.8.0"
  resolved "https://registry.yarnpkg.com/@react-aria/ssr/-/ssr-3.8.0.tgz#e7f467ac42f72504682724304ce221f785d70d49"
  integrity sha512-Y54xs483rglN5DxbwfCPHxnkvZ+gZ0LbSYmR72LyWPGft8hN/lrl1VRS1EW2SMjnkEWlj+Km2mwvA3kEHDUA0A==
  dependencies:
    "@swc/helpers" "^0.5.0"

"@react-aria/table@3.4.0":
  version "3.4.0"
  resolved "https://registry.yarnpkg.com/@react-aria/table/-/table-3.4.0.tgz#e4a71139bc96285625d2d8de2d6adc1103e66305"
  integrity sha512-a3yYKRtadGzMrOJlGy2AGf2w2baESYgM2hZnB4YupBrcKJ/91BMpAbpAMolCI02av+Tz0BtAKh0kSs7nEsiiuA==
  dependencies:
    "@babel/runtime" "^7.6.2"
    "@react-aria/focus" "^3.7.0"
    "@react-aria/grid" "^3.4.0"
    "@react-aria/i18n" "^3.5.0"
    "@react-aria/interactions" "^3.10.0"
    "@react-aria/live-announcer" "^3.1.1"
    "@react-aria/selection" "^3.10.0"
    "@react-aria/utils" "^3.13.2"
    "@react-stately/table" "^3.3.0"
    "@react-stately/virtualizer" "^3.2.2"
    "@react-types/checkbox" "^3.3.2"
    "@react-types/grid" "^3.1.2"
    "@react-types/shared" "^3.14.0"
    "@react-types/table" "^3.3.0"

"@react-aria/toggle@^3.3.2":
  version "3.8.1"
  resolved "https://registry.yarnpkg.com/@react-aria/toggle/-/toggle-3.8.1.tgz#49a556987b31b3b7f2ba751a2e8c74ec9ac1d1a3"
  integrity sha512-TGJdKIVcPHVH8zJ7RRTa5bGwO1+x6Sx3CM91V9O0Fhd5PlHxfob/eTrGMOCdmPeBUMd7rRBMfmGuQnp5e6iw9A==
  dependencies:
    "@react-aria/focus" "^3.14.2"
    "@react-aria/interactions" "^3.19.0"
    "@react-aria/utils" "^3.21.0"
    "@react-stately/toggle" "^3.6.3"
    "@react-types/checkbox" "^3.5.2"
    "@react-types/shared" "^3.21.0"
    "@react-types/switch" "^3.4.2"
    "@swc/helpers" "^0.5.0"

"@react-aria/utils@3.13.2":
  version "3.13.2"
  resolved "https://registry.yarnpkg.com/@react-aria/utils/-/utils-3.13.2.tgz#c28bc96e940a8a84c3e69a19f483c9f060584580"
  integrity sha512-VTI8tv9m/BxE/lPTNCZN1fcHuY540xm+HT1vg2ZQCryudUWvzQkHi+h0z32DhiGHhvRFIGdH/enf3psip7ZLTQ==
  dependencies:
    "@babel/runtime" "^7.6.2"
    "@react-aria/ssr" "^3.3.0"
    "@react-stately/utils" "^3.5.1"
    "@react-types/shared" "^3.14.0"
    clsx "^1.1.1"

"@react-aria/utils@^3.13.1", "@react-aria/utils@^3.13.2", "@react-aria/utils@^3.21.0":
  version "3.21.0"
  resolved "https://registry.yarnpkg.com/@react-aria/utils/-/utils-3.21.0.tgz#147a91188d74f1aa284ad6d3d7db24b0de069fca"
  integrity sha512-0ZNaXgvbWnqqiG7FB0qhAIENN7CmBU30AnyTzz5ZZgvJexUJkhd2GMjvTqrBZ6zSjeMpUEIKg5PUA1eptGRPww==
  dependencies:
    "@react-aria/ssr" "^3.8.0"
    "@react-stately/utils" "^3.8.0"
    "@react-types/shared" "^3.21.0"
    "@swc/helpers" "^0.5.0"
    clsx "^1.1.1"

"@react-aria/visually-hidden@3.4.0":
  version "3.4.0"
  resolved "https://registry.yarnpkg.com/@react-aria/visually-hidden/-/visually-hidden-3.4.0.tgz#9422ba67296969b5eae3e8e8839ba50e8acc0990"
  integrity sha512-mRl4Vfg7F0ohf7N3RWdOQLUnXC4ApM3hsfBegsRQHDkbbrcq7MGPyCa154kIZg8Ff2cOtbgvrAlymzWmkOVZEQ==
  dependencies:
    "@babel/runtime" "^7.6.2"
    "@react-aria/interactions" "^3.10.0"
    "@react-aria/utils" "^3.13.2"
    "@react-types/shared" "^3.14.0"
    clsx "^1.1.1"

"@react-aria/visually-hidden@^3.4.0", "@react-aria/visually-hidden@^3.8.5":
  version "3.8.5"
  resolved "https://registry.yarnpkg.com/@react-aria/visually-hidden/-/visually-hidden-3.8.5.tgz#9c718f125fb6ab563e733bd1942eecffb5aa1d78"
  integrity sha512-uJcYQ3FSuJIIvaRXrTdYl/EFMDML0WV5A8nl7IrO5AMTa2HG9CG04ufeFj2BH48gbbgzlRsiYM41SRSaKjYqBg==
  dependencies:
    "@react-aria/interactions" "^3.19.0"
    "@react-aria/utils" "^3.21.0"
    "@react-types/shared" "^3.21.0"
    "@swc/helpers" "^0.5.0"
    clsx "^1.1.1"

"@react-stately/checkbox@3.2.0":
  version "3.2.0"
  resolved "https://registry.yarnpkg.com/@react-stately/checkbox/-/checkbox-3.2.0.tgz#6c718441a6c1058c75c243a5712d2dc32d93392c"
  integrity sha512-nVO/asz7MTF5nLJcMMq5KgNlk4npckq+7nQvEVW6pyob5r2m7Lvd+Zhl4oKT0WtTIzg31VB6yRew1czKx/SUpA==
  dependencies:
    "@babel/runtime" "^7.6.2"
    "@react-stately/toggle" "^3.4.0"
    "@react-stately/utils" "^3.5.1"
    "@react-types/checkbox" "^3.3.2"

"@react-stately/checkbox@^3.2.0":
  version "3.5.1"
  resolved "https://registry.yarnpkg.com/@react-stately/checkbox/-/checkbox-3.5.1.tgz#a6f6ad01852aded85f4baa7c3e97e44d2c47a607"
  integrity sha512-j+EbHpZgS8J2LbysbVDK3vQAJc7YZHOjHRX20auEzVmulAFKwkRpevo/R5gEL4EpOz4bRyu+BH/jbssHXG+Ezw==
  dependencies:
    "@react-stately/toggle" "^3.6.3"
    "@react-stately/utils" "^3.8.0"
    "@react-types/checkbox" "^3.5.2"
    "@react-types/shared" "^3.21.0"
    "@swc/helpers" "^0.5.0"

"@react-stately/collections@^3.10.2", "@react-stately/collections@^3.4.2":
  version "3.10.2"
  resolved "https://registry.yarnpkg.com/@react-stately/collections/-/collections-3.10.2.tgz#c739d9d596ecb744be15fde6f064ad85dd6145db"
  integrity sha512-h+LzCa1gWhVRWVH8uR+ZxsKmFSx7kW3RIlcjWjhfyc59BzXCuojsOJKTTAyPVFP/3kOdJeltw8g/reV1Cw/x6Q==
  dependencies:
    "@react-types/shared" "^3.21.0"
    "@swc/helpers" "^0.5.0"

"@react-stately/data@3.6.0":
  version "3.6.0"
  resolved "https://registry.yarnpkg.com/@react-stately/data/-/data-3.6.0.tgz#6af1cb81940e7ec3c8ef93b07fb968617a2951bb"
  integrity sha512-psuc5nziuPWYdxIFhXEt9DBT+cuhOCyGPz8cOP5RuWFfSM4r583M0SYrsi5YXCvUwhZEFFQNbapxJFfMpAHPtw==
  dependencies:
    "@babel/runtime" "^7.6.2"
    "@react-types/shared" "^3.14.0"

"@react-stately/flags@^3.0.0":
  version "3.0.0"
  resolved "https://registry.yarnpkg.com/@react-stately/flags/-/flags-3.0.0.tgz#c5a73965f8c90e8bf5981adddb4bdbb0ba2f5690"
  integrity sha512-e3i2ItHbIa0eEwmSXAnPdD7K8syW76JjGe8ENxwFJPW/H1Pu9RJfjkCb/Mq0WSPN/TpxBb54+I9TgrGhbCoZ9w==
  dependencies:
    "@swc/helpers" "^0.4.14"

"@react-stately/grid@^3.3.0", "@react-stately/grid@^3.8.2":
  version "3.8.2"
  resolved "https://registry.yarnpkg.com/@react-stately/grid/-/grid-3.8.2.tgz#b2bd8614489a46ad7d0de13551507afd68d95de2"
  integrity sha512-CB5QpYjXFatuXZodj3r0vIiqTysUe6DURZdJu6RKG2Elx19n2k49fKyx7P7CTKD2sPBOMSSX4edWuTzpL8Tl+A==
  dependencies:
    "@react-stately/collections" "^3.10.2"
    "@react-stately/selection" "^3.14.0"
    "@react-types/grid" "^3.2.2"
    "@react-types/shared" "^3.21.0"
    "@swc/helpers" "^0.5.0"

"@react-stately/menu@^3.4.0":
  version "3.5.6"
  resolved "https://registry.yarnpkg.com/@react-stately/menu/-/menu-3.5.6.tgz#21861b7cfba579d69272509aef8197d3fad7463a"
  integrity sha512-Cm82SVda1qP71Fcz8ohIn3JYKmKCuSUIFr1WsEo/YwDPkX0x9+ev6rmphHTsxDdkCLcYHSTQL6e2KL0wAg50zA==
  dependencies:
    "@react-stately/overlays" "^3.6.3"
    "@react-stately/utils" "^3.8.0"
    "@react-types/menu" "^3.9.5"
    "@react-types/shared" "^3.21.0"
    "@swc/helpers" "^0.5.0"

"@react-stately/overlays@3.4.0":
  version "3.4.0"
  resolved "https://registry.yarnpkg.com/@react-stately/overlays/-/overlays-3.4.0.tgz#4023d0c7cd48363fe046e5b6084d703ac461c907"
  integrity sha512-jXVm1V91lWOKh73cFvE9W9JtAE8idSWEUtFlVrlBI/jh0ZOt148UlRVWgHrm7FhaUpyvOFNUyfidRmKMuB+hgw==
  dependencies:
    "@babel/runtime" "^7.6.2"
    "@react-stately/utils" "^3.5.1"
    "@react-types/overlays" "^3.6.2"

"@react-stately/overlays@^3.4.0", "@react-stately/overlays@^3.6.3":
  version "3.6.3"
  resolved "https://registry.yarnpkg.com/@react-stately/overlays/-/overlays-3.6.3.tgz#cdfe5edb1ed6ad84fc1022af931586489cb23552"
  integrity sha512-K3eIiYAdAGTepYqNf2pVb+lPqLoVudXwmxPhyOSZXzjgpynD6tR3E9QfWQtkMazBuU73PnNX7zkH4l87r2AmTg==
  dependencies:
    "@react-stately/utils" "^3.8.0"
    "@react-types/overlays" "^3.8.3"
    "@swc/helpers" "^0.5.0"

"@react-stately/radio@3.5.0":
  version "3.5.0"
  resolved "https://registry.yarnpkg.com/@react-stately/radio/-/radio-3.5.0.tgz#7b7d3dd4a14aaed324ea29ac2be5ca0fe1d44d79"
  integrity sha512-qn4+wa9sf3zZXSLrrR9rQpOII8BEQeAkvxyq/YhUQXBpQ8SoF5LobpGIZqp3n8G+Cxzjxd6/GON+lOFxWr0iXA==
  dependencies:
    "@babel/runtime" "^7.6.2"
    "@react-stately/utils" "^3.5.1"
    "@react-types/radio" "^3.2.2"

"@react-stately/radio@^3.5.0":
  version "3.9.1"
  resolved "https://registry.yarnpkg.com/@react-stately/radio/-/radio-3.9.1.tgz#c43c88e2bff23d3059b0ea22191337a1d644fe0c"
  integrity sha512-DrQPHiP9pz1uQbBP/NDFdO8uOZigPbvuAWPUNK7Gq6kye5lW+RsS97IUnYJePNTSMvhiAVz/aleBt05Gr/PZmg==
  dependencies:
    "@react-stately/utils" "^3.8.0"
    "@react-types/radio" "^3.5.2"
    "@react-types/shared" "^3.21.0"
    "@swc/helpers" "^0.5.0"

"@react-stately/selection@^3.10.2", "@react-stately/selection@^3.14.0":
  version "3.14.0"
  resolved "https://registry.yarnpkg.com/@react-stately/selection/-/selection-3.14.0.tgz#26a574bf2e35657db1988974df8bd2747b09f5c6"
  integrity sha512-E5rNH+gVGDJQDSnPO30ynu6jZ0Z0++VPUbM5Bu3P/bZ3+TgoTtDDvlONba3fspgSBDfdnHpsuG9eqYnDtEAyYA==
  dependencies:
    "@react-stately/collections" "^3.10.2"
    "@react-stately/utils" "^3.8.0"
    "@react-types/shared" "^3.21.0"
    "@swc/helpers" "^0.5.0"

"@react-stately/table@3.3.0":
  version "3.3.0"
  resolved "https://registry.yarnpkg.com/@react-stately/table/-/table-3.3.0.tgz#87f2b69e323e5f805705d6a722b6ef3d6389319c"
  integrity sha512-qhZdgyD0EyePW/U/VlJCGLBNuzo2H1hQSgfRJ7+E5QVbqDwUUQ6Safz1EQ3Jhh64IcTDqxvKL3arr8THT7UKdA==
  dependencies:
    "@babel/runtime" "^7.6.2"
    "@react-stately/collections" "^3.4.2"
    "@react-stately/grid" "^3.3.0"
    "@react-stately/selection" "^3.10.2"
    "@react-types/grid" "^3.1.2"
    "@react-types/shared" "^3.14.0"
    "@react-types/table" "^3.3.0"

"@react-stately/table@^3.3.0":
  version "3.11.2"
  resolved "https://registry.yarnpkg.com/@react-stately/table/-/table-3.11.2.tgz#df78442355f3dd086042ad4bf6473a2aaf31f6c1"
  integrity sha512-EVgksPAsnEoqeT+5ej4aGJdu9kAu3LCDqQfnmif2P/R1BP5eDU1Kv0N/mV/90Xp546g7kuZ1wS2if/hWDXEA5g==
  dependencies:
    "@react-stately/collections" "^3.10.2"
    "@react-stately/flags" "^3.0.0"
    "@react-stately/grid" "^3.8.2"
    "@react-stately/selection" "^3.14.0"
    "@react-stately/utils" "^3.8.0"
    "@react-types/grid" "^3.2.2"
    "@react-types/shared" "^3.21.0"
    "@react-types/table" "^3.9.0"
    "@swc/helpers" "^0.5.0"

"@react-stately/toggle@3.4.0":
  version "3.4.0"
  resolved "https://registry.yarnpkg.com/@react-stately/toggle/-/toggle-3.4.0.tgz#42bb0dc226f90eb70f9e87dcbe08df9e45324255"
  integrity sha512-7kPxR2+Aze7NmpWWOQanRsQvmz7R+Sdlu+2xi0Wh5LPFg+lkXSiGY63uM2amxZcbFb0Mhy5ExlRpF53ReZjEOA==
  dependencies:
    "@babel/runtime" "^7.6.2"
    "@react-stately/utils" "^3.5.1"
    "@react-types/checkbox" "^3.3.2"
    "@react-types/shared" "^3.14.0"

"@react-stately/toggle@^3.4.0", "@react-stately/toggle@^3.6.3":
  version "3.6.3"
  resolved "https://registry.yarnpkg.com/@react-stately/toggle/-/toggle-3.6.3.tgz#4de25fd458890e37f6c363d058b018e5f11a9882"
  integrity sha512-4kIMTjRjtaapFk4NVmBoFDUYfkmyqDaYAmHpRyEIHTDpBYn0xpxZL/MHv9WuLYa4MjJLRp0MeicuWiZ4ai7f6Q==
  dependencies:
    "@react-stately/utils" "^3.8.0"
    "@react-types/checkbox" "^3.5.2"
    "@react-types/shared" "^3.21.0"
    "@swc/helpers" "^0.5.0"

"@react-stately/tree@3.3.2":
  version "3.3.2"
  resolved "https://registry.yarnpkg.com/@react-stately/tree/-/tree-3.3.2.tgz#db1e98fa074c89cfd63b4d260de025fef285e520"
  integrity sha512-goviIXFYZvWJ2FOBQdKHfLwCaFUlhyGCsbX9GB7ziZhm0Ez8iWCzEy1IWoeuPaprBlHIPv6/3XtDi4ZQ52A59g==
  dependencies:
    "@babel/runtime" "^7.6.2"
    "@react-stately/collections" "^3.4.2"
    "@react-stately/selection" "^3.10.2"
    "@react-stately/utils" "^3.5.1"
    "@react-types/shared" "^3.14.0"

"@react-stately/tree@^3.3.2":
  version "3.7.3"
  resolved "https://registry.yarnpkg.com/@react-stately/tree/-/tree-3.7.3.tgz#d0b3da5db553e64e8f3def5bae45f765f62a3fd8"
  integrity sha512-wB/68qetgCYTe7OMqbTFmtWRrEqVdIH2VlACPCsMlECr3lW9TrrbrOwlHIJfLhkxWvY3kSCoKcOJ5KTiJC9LGA==
  dependencies:
    "@react-stately/collections" "^3.10.2"
    "@react-stately/selection" "^3.14.0"
    "@react-stately/utils" "^3.8.0"
    "@react-types/shared" "^3.21.0"
    "@swc/helpers" "^0.5.0"

"@react-stately/utils@^3.5.1", "@react-stately/utils@^3.8.0":
  version "3.8.0"
  resolved "https://registry.yarnpkg.com/@react-stately/utils/-/utils-3.8.0.tgz#88a45742c58bde804f6cbecb20ea3833915cfdf0"
  integrity sha512-wCIoFDbt/uwNkWIBF+xV+21k8Z8Sj5qGO3uptTcVmjYcZngOaGGyB4NkiuZhmhG70Pkv+yVrRwoC1+4oav9cCg==
  dependencies:
    "@swc/helpers" "^0.5.0"

"@react-stately/virtualizer@^3.2.2", "@react-stately/virtualizer@^3.6.3":
  version "3.6.3"
  resolved "https://registry.yarnpkg.com/@react-stately/virtualizer/-/virtualizer-3.6.3.tgz#c718df2dbffc26c85b6798ecfe6f1e1f296bf91f"
  integrity sha512-vzasjzaKSz+ViqhApvSqRlX7+hhY2uMtjZ2kbCS0U/RtxXra4m5/dD6BfsZ4hGhjQ3PBebDfP9+JvrNQn5EjFQ==
  dependencies:
    "@react-aria/utils" "^3.21.0"
    "@react-types/shared" "^3.21.0"
    "@swc/helpers" "^0.5.0"

"@react-types/button@^3.6.0", "@react-types/button@^3.9.0":
  version "3.9.0"
  resolved "https://registry.yarnpkg.com/@react-types/button/-/button-3.9.0.tgz#66df80cafaa98aaa34c331e927d21fdf4a0bdc4a"
  integrity sha512-YhbchUDB7yL88ZFA0Zqod6qOMdzCLD5yVRmhWymk0yNLvB7EB1XX4c5sRANalfZSFP0RpCTlkjB05Hzp4+xOYg==
  dependencies:
    "@react-types/shared" "^3.21.0"

"@react-types/checkbox@3.3.2":
  version "3.3.2"
  resolved "https://registry.yarnpkg.com/@react-types/checkbox/-/checkbox-3.3.2.tgz#513442cb2e73a4d8c8ad14021c424612e98e7cd7"
  integrity sha512-s1bgqL4qfEMEasePayukZ6pzpIzfAG1OuVmpARz0kVdVaN7e+B4+dRJ0nDtiQf/TjNLg45ZlG3NTXJ1hsZPelQ==
  dependencies:
    "@react-types/shared" "^3.14.0"

"@react-types/checkbox@^3.3.2", "@react-types/checkbox@^3.5.2":
  version "3.5.2"
  resolved "https://registry.yarnpkg.com/@react-types/checkbox/-/checkbox-3.5.2.tgz#f463befdd37bc2c9e5c6febd62e53131e8983fa4"
  integrity sha512-iRQrbY8vRRya3bt3i7sHAifhP/ozfkly1/TItkRK5MNPRNPRDKns55D8ZFkRMj4NSyKQpjVt1zzlBXrnSOxWdQ==
  dependencies:
    "@react-types/shared" "^3.21.0"

"@react-types/dialog@^3.4.2":
  version "3.5.6"
  resolved "https://registry.yarnpkg.com/@react-types/dialog/-/dialog-3.5.6.tgz#e874f0896d595e5a7f5924165b0db78e5f62fe9d"
  integrity sha512-lwwaAgoi4xe4eEJxBns+cBIRstIPTKWWddMkp51r7Teeh2uKs1Wki7N+Acb9CfT6JQTQDqtVJm6K76rcqNBVwg==
  dependencies:
    "@react-types/overlays" "^3.8.3"
    "@react-types/shared" "^3.21.0"

"@react-types/grid@3.1.2":
  version "3.1.2"
  resolved "https://registry.yarnpkg.com/@react-types/grid/-/grid-3.1.2.tgz#dee9c9c07dcd3dbc0f008f95a665b2bd51081c89"
  integrity sha512-9mKhtBZiGlok1APRSR+hTKYFgx8XxRBBLG20/xPI1C8xCGNZvOz7CmK57LmlwYsN1BLo3S2vLOd6+M1qrw2yVg==
  dependencies:
    "@react-types/shared" "^3.14.0"

"@react-types/grid@^3.1.2", "@react-types/grid@^3.2.2":
  version "3.2.2"
  resolved "https://registry.yarnpkg.com/@react-types/grid/-/grid-3.2.2.tgz#9434d8ed0a80a64e38b2c95f8bbccfa794fd3888"
  integrity sha512-R4USOpn1xfsWVGwZsakRlIdsBA10XNCnAUcRXQTn2JmzLjDCtcln6uYo9IFob080lQuvjkSw3j4zkw7Yo4Qepg==
  dependencies:
    "@react-types/shared" "^3.21.0"

"@react-types/label@^3.6.2", "@react-types/label@^3.8.1":
  version "3.8.1"
  resolved "https://registry.yarnpkg.com/@react-types/label/-/label-3.8.1.tgz#b076a0fb955051307bfa3fed7e18ce0dc76d8c7b"
  integrity sha512-fA6zMTF2TmfU7H8JBJi0pNd8t5Ak4gO+ZA3cZBysf8r3EmdAsgr3LLqFaGTnZzPH1Fux6c7ARI3qjVpyNiejZQ==
  dependencies:
    "@react-types/shared" "^3.21.0"

"@react-types/link@^3.3.1":
  version "3.5.0"
  resolved "https://registry.yarnpkg.com/@react-types/link/-/link-3.5.0.tgz#06e179228367e8c7d9ce74fe11f00463e6e801a5"
  integrity sha512-QK4W0k88e4omh4ekiwIqGwJARfGF/hRXQEYaD+rM7FB1NMhuVSuErj+L3kICWuka4vLC8G3lhTqR6mv6kf6WCw==
  dependencies:
    "@react-aria/interactions" "^3.19.0"
    "@react-types/shared" "^3.21.0"

"@react-types/menu@3.7.0":
  version "3.7.0"
  resolved "https://registry.yarnpkg.com/@react-types/menu/-/menu-3.7.0.tgz#632422d6024a36ab7920c1fceb064900d9f5a762"
  integrity sha512-1kEyyb0tERlPdZ67lsC2fMZ2TTh0OdS1hcb01PrSkGna/S+H/Q9M65Xc+q9eu7QoC4+DN4Flh/7vNRT82kVlHg==
  dependencies:
    "@react-types/overlays" "^3.6.2"
    "@react-types/shared" "^3.14.0"

"@react-types/menu@^3.7.0", "@react-types/menu@^3.9.5":
  version "3.9.5"
  resolved "https://registry.yarnpkg.com/@react-types/menu/-/menu-3.9.5.tgz#9f67aebda9f491f0e94e2de7a15898c6cabf0772"
  integrity sha512-KB5lJM0p9PxwpVlHV9sRdpjh+sqINeHrJgGizy/cQI9bj26nupiEgamSD14dULNI6BFT9DkgKCsobBtE04DDKQ==
  dependencies:
    "@react-types/overlays" "^3.8.3"
    "@react-types/shared" "^3.21.0"

"@react-types/overlays@3.6.2":
  version "3.6.2"
  resolved "https://registry.yarnpkg.com/@react-types/overlays/-/overlays-3.6.2.tgz#f11f8abe5073ca7a80d3beada018b715af25859c"
  integrity sha512-ag9UCIlcNCvMHBORRksdLnQK3ef+CEbrt+TydOxBAxAf+87fXJ/0H6hP/4QTebEA2ixA0qz8CFga81S8ZGnOsQ==
  dependencies:
    "@react-types/shared" "^3.14.0"

"@react-types/overlays@^3.6.2", "@react-types/overlays@^3.8.3":
  version "3.8.3"
  resolved "https://registry.yarnpkg.com/@react-types/overlays/-/overlays-3.8.3.tgz#47132f08ae3a115273036d98b9441a51d4a4ab09"
  integrity sha512-TrCG2I2+V+TD0PGi3CqfnyU5jEzcelSGgYJQvVxsl5Vv3ri7naBLIsOjF9x66tPxhINLCPUtOze/WYRAexp8aw==
  dependencies:
    "@react-types/shared" "^3.21.0"

"@react-types/radio@^3.2.2", "@react-types/radio@^3.5.2":
  version "3.5.2"
  resolved "https://registry.yarnpkg.com/@react-types/radio/-/radio-3.5.2.tgz#399e220e2529b2e7c93aa117d39adcca6dc24d1f"
  integrity sha512-crYQ+97abd5v0Iw9X+Tt+E7KWdm5ckr4g0+Iy8byV1g6MyiBOsNtq9QT99TOzyWJPqqD8T9qZfAOk49wK7KEDg==
  dependencies:
    "@react-types/shared" "^3.21.0"

"@react-types/shared@3.14.0":
  version "3.14.0"
  resolved "https://registry.yarnpkg.com/@react-types/shared/-/shared-3.14.0.tgz#240991d6672f32ecd2a172111e163be0fe0778f2"
  integrity sha512-K069Bh/P0qV3zUG8kqabeO8beAUlFdyVPvpcNVPjRl+0Q9NDS9mfdQbmUa0LqdVo5e6jRPdos77Ylflkrz8wcw==

"@react-types/shared@^3.13.1", "@react-types/shared@^3.14.0", "@react-types/shared@^3.21.0":
  version "3.21.0"
  resolved "https://registry.yarnpkg.com/@react-types/shared/-/shared-3.21.0.tgz#1af41fdf7dfbdbd33bbc1210617c43ed0d4ef20c"
  integrity sha512-wJA2cUF8dP4LkuNUt9Vh2kkfiQb2NLnV2pPXxVnKJZ7d4x2/7VPccN+LYPnH8m0X3+rt50cxWuPKQmjxSsCFOg==

"@react-types/switch@^3.4.2":
  version "3.4.2"
  resolved "https://registry.yarnpkg.com/@react-types/switch/-/switch-3.4.2.tgz#8c0a8f8dfcaae29ccd9409a2beaac0d31a131027"
  integrity sha512-OQWpawikWhF+ET1/kE0/JeJVr6gHjkR72p/idTsT7RUJySBcehhAscbIA8iWzVWJvdFCVF2hG7uzBAJTeDMr9A==
  dependencies:
    "@react-types/checkbox" "^3.5.2"
    "@react-types/shared" "^3.21.0"

"@react-types/table@^3.3.0", "@react-types/table@^3.9.0":
  version "3.9.0"
  resolved "https://registry.yarnpkg.com/@react-types/table/-/table-3.9.0.tgz#0053ce5b78f2214afaf7e38cdd96a57eecbd2ff9"
  integrity sha512-WOLxZ3tzLA4gxRxvnsZhnnQDbh4Qe/johpHNk4coSOFOP5W8PbunPacXnbvdPkSx6rqrOIzCnYcZCtgk4gDQmg==
  dependencies:
    "@react-types/grid" "^3.2.2"
    "@react-types/shared" "^3.21.0"

"@stitches/react@1.2.8":
  version "1.2.8"
  resolved "https://registry.yarnpkg.com/@stitches/react/-/react-1.2.8.tgz#954f8008be8d9c65c4e58efa0937f32388ce3a38"
  integrity sha512-9g9dWI4gsSVe8bNLlb+lMkBYsnIKCZTmvqvDG+Avnn69XfmHZKiaMrx7cgTaddq7aTPPmXiTsbFcUy0xgI4+wA==

"@swc/helpers@0.5.1":
  version "0.5.1"
  resolved "https://registry.yarnpkg.com/@swc/helpers/-/helpers-0.5.1.tgz#e9031491aa3f26bfcc974a67f48bd456c8a5357a"
  integrity sha512-sJ902EfIzn1Fa+qYmjdQqh8tPsoxyBz+8yBKC2HKUxyezKJFwPGOn7pv4WY6QuQW//ySQi5lJjA/ZT9sNWWNTg==
  dependencies:
    tslib "^2.4.0"

"@swc/helpers@^0.4.14":
  version "0.4.36"
  resolved "https://registry.yarnpkg.com/@swc/helpers/-/helpers-0.4.36.tgz#fcfff76ed52c214f357e8e9d3f37b568908072d9"
  integrity sha512-5lxnyLEYFskErRPenYItLRSge5DjrJngYKdVjRSrWfza9G6KkgHEXi0vUZiyUeMU5JfXH1YnvXZzSp8ul88o2Q==
  dependencies:
    legacy-swc-helpers "npm:@swc/helpers@=0.4.14"
    tslib "^2.4.0"

"@swc/helpers@^0.5.0":
  version "0.5.3"
  resolved "https://registry.yarnpkg.com/@swc/helpers/-/helpers-0.5.3.tgz#98c6da1e196f5f08f977658b80d6bd941b5f294f"
  integrity sha512-FaruWX6KdudYloq1AHD/4nU+UsMTdNE8CKyrseXWEcgjDAbvkwJg2QGPAnfIJLIWsjZOSPLOAykK6fuYp4vp4A==
  dependencies:
    tslib "^2.4.0"

"@types/node@18.7.18":
  version "18.7.18"
  resolved "https://registry.yarnpkg.com/@types/node/-/node-18.7.18.tgz#633184f55c322e4fb08612307c274ee6d5ed3154"
  integrity sha512-m+6nTEOadJZuTPkKR/SYK3A2d7FZrgElol9UP1Kae90VVU4a6mxnPuLiIW1m4Cq4gZ/nWb9GrdVXJCoCazDAbg==

"@types/prop-types@*":
  version "15.7.8"
  resolved "https://registry.yarnpkg.com/@types/prop-types/-/prop-types-15.7.8.tgz#805eae6e8f41bd19e88917d2ea200dc992f405d3"
  integrity sha512-kMpQpfZKSCBqltAJwskgePRaYRFukDkm1oItcAbC3gNELR20XIBcN9VRgg4+m8DKsTfkWeA4m4Imp4DDuWy7FQ==

"@types/react-dom@18.0.6":
  version "18.0.6"
  resolved "https://registry.yarnpkg.com/@types/react-dom/-/react-dom-18.0.6.tgz#36652900024842b74607a17786b6662dd1e103a1"
  integrity sha512-/5OFZgfIPSwy+YuIBP/FgJnQnsxhZhjjrnxudMddeblOouIodEQ75X14Rr4wGSG/bknL+Omy9iWlLo1u/9GzAA==
  dependencies:
    "@types/react" "*"

"@types/react@*":
  version "18.2.25"
  resolved "https://registry.yarnpkg.com/@types/react/-/react-18.2.25.tgz#99fa44154132979e870ff409dc5b6e67f06f0199"
  integrity sha512-24xqse6+VByVLIr+xWaQ9muX1B4bXJKXBbjszbld/UEDslGLY53+ZucF44HCmLbMPejTzGG9XgR+3m2/Wqu1kw==
  dependencies:
    "@types/prop-types" "*"
    "@types/scheduler" "*"
    csstype "^3.0.2"

"@types/react@18.0.20":
  version "18.0.20"
  resolved "https://registry.yarnpkg.com/@types/react/-/react-18.0.20.tgz#e4c36be3a55eb5b456ecf501bd4a00fd4fd0c9ab"
  integrity sha512-MWul1teSPxujEHVwZl4a5HxQ9vVNsjTchVA+xRqv/VYGCuKGAU6UhfrTdF5aBefwD1BHUD8i/zq+O/vyCm/FrA==
  dependencies:
    "@types/prop-types" "*"
    "@types/scheduler" "*"
    csstype "^3.0.2"

"@types/scheduler@*":
  version "0.16.4"
  resolved "https://registry.yarnpkg.com/@types/scheduler/-/scheduler-0.16.4.tgz#fedc3e5b15c26dc18faae96bf1317487cb3658cf"
  integrity sha512-2L9ifAGl7wmXwP4v3pN4p2FLhD0O1qsJpvKmNin5VA8+UvNVb447UDaAEV6UdrkA+m/Xs58U1RFps44x6TFsVQ==

busboy@1.6.0:
  version "1.6.0"
  resolved "https://registry.yarnpkg.com/busboy/-/busboy-1.6.0.tgz#966ea36a9502e43cdb9146962523b92f531f6893"
  integrity sha512-8SFQbg/0hQ9xy3UNTB0YEnsNBbWfhf7RtnzpL7TkBiTBRfrQ9Fxcnz7VJsleJpyp6rVLvXiuORqjlHi5q+PYuA==
  dependencies:
    streamsearch "^1.1.0"

caniuse-lite@^1.0.30001406:
  version "1.0.30001546"
  resolved "https://registry.yarnpkg.com/caniuse-lite/-/caniuse-lite-1.0.30001546.tgz#10fdad03436cfe3cc632d3af7a99a0fb497407f0"
  integrity sha512-zvtSJwuQFpewSyRrI3AsftF6rM0X80mZkChIt1spBGEvRglCrjTniXvinc8JKRoqTwXAgvqTImaN9igfSMtUBw==

client-only@0.0.1:
  version "0.0.1"
  resolved "https://registry.yarnpkg.com/client-only/-/client-only-0.0.1.tgz#38bba5d403c41ab150bff64a95c85013cf73bca1"
  integrity sha512-IV3Ou0jSMzZrd3pZ48nLkT9DA7Ag1pnPzaiQhpW7c3RbcqqzvzzVu+L8gfqMp/8IM2MQtSiqaCxrrcfu8I8rMA==

clsx@^1.1.1:
  version "1.2.1"
  resolved "https://registry.yarnpkg.com/clsx/-/clsx-1.2.1.tgz#0ddc4a20a549b59c93a4116bb26f5294ca17dc12"
  integrity sha512-EcR6r5a8bj6pu3ycsa/E/cKVGuTgZJZdsyUYHOksG/UHIiKfjxzRxYJpyVBwYaQeOvghal9fcc4PidlgzugAQg==

csstype@^3.0.2:
  version "3.1.2"
  resolved "https://registry.yarnpkg.com/csstype/-/csstype-3.1.2.tgz#1d4bf9d572f11c14031f0436e1c10bc1f571f50b"
  integrity sha512-I7K1Uu0MBPzaFKg4nI5Q7Vs2t+3gWWW648spaF+Rg7pI9ds18Ugn+lvg4SHczUdKlHI5LWBXyqfS8+DufyBsgQ==

glob-to-regexp@^0.4.1:
  version "0.4.1"
  resolved "https://registry.yarnpkg.com/glob-to-regexp/-/glob-to-regexp-0.4.1.tgz#c75297087c851b9a578bd217dd59a92f59fe546e"
  integrity sha512-lkX1HJXwyMcprw/5YUZc2s7DrpAiHB21/V+E1rHUrVNokkvB6bqMzT0VfV6/86ZNabt1k14YOIaT7nDvOX3Iiw==

graceful-fs@^4.1.2:
  version "4.2.11"
  resolved "https://registry.yarnpkg.com/graceful-fs/-/graceful-fs-4.2.11.tgz#4183e4e8bf08bb6e05bbb2f7d2e0c8f712ca40e3"
  integrity sha512-RbJ5/jmFcNNCcDV5o9eTnBLJ/HszWV0P73bc+Ff4nS/rJj+YaS6IGyiOL0VoBYX+l1Wrl3k63h/KrH+nhJ0XvQ==

intl-messageformat@^10.1.0:
  version "10.5.3"
  resolved "https://registry.yarnpkg.com/intl-messageformat/-/intl-messageformat-10.5.3.tgz#db0779d4a1988faa2977d76574489b7a25f0d5d0"
  integrity sha512-TzKn1uhJBMyuKTO4zUX47SU+d66fu1W9tVzIiZrQ6hBqQQeYscBMIzKL/qEXnFbJrH9uU5VV3+T5fWib4SIcKA==
  dependencies:
    "@formatjs/ecma402-abstract" "1.17.2"
    "@formatjs/fast-memoize" "2.2.0"
    "@formatjs/icu-messageformat-parser" "2.6.2"
    tslib "^2.4.0"

"js-tokens@^3.0.0 || ^4.0.0":
  version "4.0.0"
  resolved "https://registry.yarnpkg.com/js-tokens/-/js-tokens-4.0.0.tgz#19203fb59991df98e3a287050d4647cdeaf32499"
  integrity sha512-RdJUflcE3cUzKiMqQgsCu06FPu9UdIJO0beYbPhHN4k6apgJtifcoCtT9bcxOpYBtpD2kCM6Sbzg4CausW/PKQ==

"legacy-swc-helpers@npm:@swc/helpers@=0.4.14":
  version "0.4.14"
  resolved "https://registry.yarnpkg.com/@swc/helpers/-/helpers-0.4.14.tgz#1352ac6d95e3617ccb7c1498ff019654f1e12a74"
  integrity sha512-4C7nX/dvpzB7za4Ql9K81xK3HPxCpHMgwTZVyf+9JQ6VUbn9jjZVN7/Nkdz/Ugzs2CSjqnL/UPXroiVBVHUWUw==
  dependencies:
    tslib "^2.4.0"

loose-envify@^1.1.0:
  version "1.4.0"
  resolved "https://registry.yarnpkg.com/loose-envify/-/loose-envify-1.4.0.tgz#71ee51fa7be4caec1a63839f7e682d8132d30caf"
  integrity sha512-lyuxPGr/Wfhrlem2CL/UcnUc1zcqKAImBDzukY7Y5F/yQiNdko6+fRLevlw1HgMySw7f611UIY408EtxRSoK3Q==
  dependencies:
    js-tokens "^3.0.0 || ^4.0.0"

nanoid@^3.3.4:
  version "3.3.6"
  resolved "https://registry.yarnpkg.com/nanoid/-/nanoid-3.3.6.tgz#443380c856d6e9f9824267d960b4236ad583ea4c"
  integrity sha512-BGcqMMJuToF7i1rt+2PWSNVnWIkGCU78jBG3RxO/bZlnZPK2Cmi2QaffxGO/2RvWi9sL+FAiRiXMgsyxQ1DIDA==

next-themes@^0.2.1:
  version "0.2.1"
  resolved "https://registry.yarnpkg.com/next-themes/-/next-themes-0.2.1.tgz#0c9f128e847979daf6c67f70b38e6b6567856e45"
  integrity sha512-B+AKNfYNIzh0vqQQKqQItTS8evEouKD7H5Hj3kmuPERwddR2TxvDSFZuTj6T7Jfn1oyeUyJMydPl1Bkxkh0W7A==

next@13.4.7:
  version "13.4.7"
  resolved "https://registry.yarnpkg.com/next/-/next-13.4.7.tgz#2ab20e6fada2e25cb81bd17f68956705ffd9824e"
  integrity sha512-M8z3k9VmG51SRT6v5uDKdJXcAqLzP3C+vaKfLIAM0Mhx1um1G7MDnO63+m52qPdZfrTFzMZNzfsgvm3ghuVHIQ==
  dependencies:
    "@next/env" "13.4.7"
    "@swc/helpers" "0.5.1"
    busboy "1.6.0"
    caniuse-lite "^1.0.30001406"
    postcss "8.4.14"
    styled-jsx "5.1.1"
    watchpack "2.4.0"
    zod "3.21.4"
  optionalDependencies:
    "@next/swc-darwin-arm64" "13.4.7"
    "@next/swc-darwin-x64" "13.4.7"
    "@next/swc-linux-arm64-gnu" "13.4.7"
    "@next/swc-linux-arm64-musl" "13.4.7"
    "@next/swc-linux-x64-gnu" "13.4.7"
    "@next/swc-linux-x64-musl" "13.4.7"
    "@next/swc-win32-arm64-msvc" "13.4.7"
    "@next/swc-win32-ia32-msvc" "13.4.7"
    "@next/swc-win32-x64-msvc" "13.4.7"

picocolors@^1.0.0:
  version "1.0.0"
  resolved "https://registry.yarnpkg.com/picocolors/-/picocolors-1.0.0.tgz#cb5bdc74ff3f51892236eaf79d68bc44564ab81c"
  integrity sha512-1fygroTLlHu66zi26VoTDv8yRgm0Fccecssto+MhsZ0D/DGW2sm8E8AjW7NU5VVTRt5GxbeZ5qBuJr+HyLYkjQ==

postcss@8.4.14:
  version "8.4.14"
  resolved "https://registry.yarnpkg.com/postcss/-/postcss-8.4.14.tgz#ee9274d5622b4858c1007a74d76e42e56fd21caf"
  integrity sha512-E398TUmfAYFPBSdzgeieK2Y1+1cpdxJx8yXbK/m57nRhKSmk1GB2tO4lbLBtlkfPQTDKfe4Xqv1ASWPpayPEig==
  dependencies:
    nanoid "^3.3.4"
    picocolors "^1.0.0"
    source-map-js "^1.0.2"

react-dom@18.2.0:
  version "18.2.0"
  resolved "https://registry.yarnpkg.com/react-dom/-/react-dom-18.2.0.tgz#22aaf38708db2674ed9ada224ca4aa708d821e3d"
  integrity sha512-6IMTriUmvsjHUjNtEDudZfuDQUoWXVxKHhlEGSk81n4YFS+r/Kl99wXiwlVXtPBtJenozv2P+hxDsw9eA7Xo6g==
  dependencies:
    loose-envify "^1.1.0"
    scheduler "^0.23.0"

react@18.2.0:
  version "18.2.0"
  resolved "https://registry.yarnpkg.com/react/-/react-18.2.0.tgz#555bd98592883255fa00de14f1151a917b5d77d5"
  integrity sha512-/3IjMdb2L9QbBdWiW5e3P2/npwMBaU9mHCSCUzNln0ZCYbcfTsGbTJrU/kGemdH2IWmB2ioZ+zkxtmq6g09fGQ==
  dependencies:
    loose-envify "^1.1.0"

regenerator-runtime@^0.14.0:
  version "0.14.0"
  resolved "https://registry.yarnpkg.com/regenerator-runtime/-/regenerator-runtime-0.14.0.tgz#5e19d68eb12d486f797e15a3c6a918f7cec5eb45"
  integrity sha512-srw17NI0TUWHuGa5CFGGmhfNIeja30WMBfbslPNhf6JrqQlLN5gcrvig1oqPxiVaXb0oW0XRKtH6Nngs5lKCIA==

scheduler@^0.23.0:
  version "0.23.0"
  resolved "https://registry.yarnpkg.com/scheduler/-/scheduler-0.23.0.tgz#ba8041afc3d30eb206a487b6b384002e4e61fdfe"
  integrity sha512-CtuThmgHNg7zIZWAXi3AsyIzA3n4xx7aNyjwC2VJldO2LMVDhFK+63xGqq6CsJH4rTAt6/M+N4GhZiDYPx9eUw==
  dependencies:
    loose-envify "^1.1.0"

source-map-js@^1.0.2:
  version "1.0.2"
  resolved "https://registry.yarnpkg.com/source-map-js/-/source-map-js-1.0.2.tgz#adbc361d9c62df380125e7f161f71c826f1e490c"
  integrity sha512-R0XvVJ9WusLiqTCEiGCmICCMplcCkIwwR11mOSD9CR5u+IXYdiseeEuXCVAjS54zqwkLcPNnmU4OeJ6tUrWhDw==

streamsearch@^1.1.0:
  version "1.1.0"
  resolved "https://registry.yarnpkg.com/streamsearch/-/streamsearch-1.1.0.tgz#404dd1e2247ca94af554e841a8ef0eaa238da764"
  integrity sha512-Mcc5wHehp9aXz1ax6bZUyY5afg9u2rv5cqQI3mRrYkGC8rW2hM02jWuwjtL++LS5qinSyhj2QfLyNsuc+VsExg==

styled-jsx@5.1.1:
  version "5.1.1"
  resolved "https://registry.yarnpkg.com/styled-jsx/-/styled-jsx-5.1.1.tgz#839a1c3aaacc4e735fed0781b8619ea5d0009d1f"
  integrity sha512-pW7uC1l4mBZ8ugbiZrcIsiIvVx1UmTfw7UkC3Um2tmfUq9Bhk8IiyEIPl6F8agHgjzku6j0xQEZbfA5uSgSaCw==
  dependencies:
    client-only "0.0.1"

tslib@^2.4.0:
  version "2.6.2"
  resolved "https://registry.yarnpkg.com/tslib/-/tslib-2.6.2.tgz#703ac29425e7b37cd6fd456e92404d46d1f3e4ae"
  integrity sha512-AEYxH93jGFPn/a2iVAwW87VuUIkR1FVUKB77NwMF7nBTDkDrrT/Hpt/IrCJ0QXhW27jTBDcf5ZY7w6RiqTMw2Q==

typescript@4.8.3:
  version "4.8.3"
  resolved "https://registry.yarnpkg.com/typescript/-/typescript-4.8.3.tgz#d59344522c4bc464a65a730ac695007fdb66dd88"
  integrity sha512-goMHfm00nWPa8UvR/CPSvykqf6dVV8x/dp0c5mFTMTIu0u0FlGWRioyy7Nn0PGAdHxpJZnuO/ut+PpQ8UiHAig==

watchpack@2.4.0:
  version "2.4.0"
  resolved "https://registry.yarnpkg.com/watchpack/-/watchpack-2.4.0.tgz#fa33032374962c78113f93c7f2fb4c54c9862a5d"
  integrity sha512-Lcvm7MGST/4fup+ifyKi2hjyIAwcdI4HRgtvTpIUxBRhB+RFtUh8XtDOxUfctVCnhVi+QQj49i91OyvzkJl6cg==
  dependencies:
    glob-to-regexp "^0.4.1"
    graceful-fs "^4.1.2"

zod@3.21.4:
  version "3.21.4"
  resolved "https://registry.yarnpkg.com/zod/-/zod-3.21.4.tgz#10882231d992519f0a10b5dd58a38c9dabbb64db"
  integrity sha512-m46AKbrzKVzOzs/DZgVnG5H55N1sv1M8qZU3A8RIKbs3mrACDNeIOeilDymVb2HdmP8uwshOCF4uJ8uM9rCqJw==
